
Microsoft Visual Studio Solution File, Format Version 12.00
# Visual Studio 15
VisualStudioVersion = 15.0.28010.2003
MinimumVisualStudioVersion = 10.0.40219.1
Project("{9A19103F-16F7-4668-BE54-9A1E7A4F7556}") = "EvansBioApp", "EvansBioApp\EvansBioApp\EvansBioApp.csproj", "{17206D67-F159-4E67-9266-E63D4C66AE52}"
EndProject
Project("{FAE04EC0-301F-11D3-BF4B-00C04F79EFBC}") = "EvansBioApp.Android", "EvansBioApp\EvansBioApp.Android\EvansBioApp.Android.csproj", "{241834C1-17F0-4104-825F-B779416EF593}"
EndProject
Project("{FAE04EC0-301F-11D3-BF4B-00C04F79EFBC}") = "EvansBioApp.iOS", "EvansBioApp\EvansBioApp.iOS\EvansBioApp.iOS.csproj", "{8FD3590B-819B-40C4-BE74-E8AC5AB2EBEC}"
EndProject
Project("{FAE04EC0-301F-11D3-BF4B-00C04F79EFBC}") = "EvansBioApp.UWP", "EvansBioApp\EvansBioApp.UWP\EvansBioApp.UWP.csproj", "{E18A9B15-D012-4D90-99D9-383113266556}"
EndProject
Global
	GlobalSection(SolutionConfigurationPlatforms) = preSolution
		Ad-Hoc|Any CPU = Ad-Hoc|Any CPU
		Ad-Hoc|ARM = Ad-Hoc|ARM
		Ad-Hoc|iPhone = Ad-Hoc|iPhone
		Ad-Hoc|iPhoneSimulator = Ad-Hoc|iPhoneSimulator
		Ad-Hoc|x64 = Ad-Hoc|x64
		Ad-Hoc|x86 = Ad-Hoc|x86
		AppStore|Any CPU = AppStore|Any CPU
		AppStore|ARM = AppStore|ARM
		AppStore|iPhone = AppStore|iPhone
		AppStore|iPhoneSimulator = AppStore|iPhoneSimulator
		AppStore|x64 = AppStore|x64
		AppStore|x86 = AppStore|x86
		Debug|Any CPU = Debug|Any CPU
		Debug|ARM = Debug|ARM
		Debug|iPhone = Debug|iPhone
		Debug|iPhoneSimulator = Debug|iPhoneSimulator
		Debug|x64 = Debug|x64
		Debug|x86 = Debug|x86
		Release|Any CPU = Release|Any CPU
		Release|ARM = Release|ARM
		Release|iPhone = Release|iPhone
		Release|iPhoneSimulator = Release|iPhoneSimulator
		Release|x64 = Release|x64
		Release|x86 = Release|x86
	EndGlobalSection
	GlobalSection(ProjectConfigurationPlatforms) = postSolution
		{17206D67-F159-4E67-9266-E63D4C66AE52}.Ad-Hoc|Any CPU.ActiveCfg = Debug|Any CPU
		{17206D67-F159-4E67-9266-E63D4C66AE52}.Ad-Hoc|Any CPU.Build.0 = Debug|Any CPU
		{17206D67-F159-4E67-9266-E63D4C66AE52}.Ad-Hoc|ARM.ActiveCfg = Debug|Any CPU
		{17206D67-F159-4E67-9266-E63D4C66AE52}.Ad-Hoc|ARM.Build.0 = Debug|Any CPU
		{17206D67-F159-4E67-9266-E63D4C66AE52}.Ad-Hoc|iPhone.ActiveCfg = Debug|Any CPU
		{17206D67-F159-4E67-9266-E63D4C66AE52}.Ad-Hoc|iPhone.Build.0 = Debug|Any CPU
		{17206D67-F159-4E67-9266-E63D4C66AE52}.Ad-Hoc|iPhoneSimulator.ActiveCfg = Debug|Any CPU
		{17206D67-F159-4E67-9266-E63D4C66AE52}.Ad-Hoc|iPhoneSimulator.Build.0 = Debug|Any CPU
		{17206D67-F159-4E67-9266-E63D4C66AE52}.Ad-Hoc|x64.ActiveCfg = Debug|Any CPU
		{17206D67-F159-4E67-9266-E63D4C66AE52}.Ad-Hoc|x64.Build.0 = Debug|Any CPU
		{17206D67-F159-4E67-9266-E63D4C66AE52}.Ad-Hoc|x86.ActiveCfg = Debug|Any CPU
		{17206D67-F159-4E67-9266-E63D4C66AE52}.Ad-Hoc|x86.Build.0 = Debug|Any CPU
		{17206D67-F159-4E67-9266-E63D4C66AE52}.AppStore|Any CPU.ActiveCfg = Debug|Any CPU
		{17206D67-F159-4E67-9266-E63D4C66AE52}.AppStore|Any CPU.Build.0 = Debug|Any CPU
		{17206D67-F159-4E67-9266-E63D4C66AE52}.AppStore|ARM.ActiveCfg = Debug|Any CPU
		{17206D67-F159-4E67-9266-E63D4C66AE52}.AppStore|ARM.Build.0 = Debug|Any CPU
		{17206D67-F159-4E67-9266-E63D4C66AE52}.AppStore|iPhone.ActiveCfg = Debug|Any CPU
		{17206D67-F159-4E67-9266-E63D4C66AE52}.AppStore|iPhone.Build.0 = Debug|Any CPU
		{17206D67-F159-4E67-9266-E63D4C66AE52}.AppStore|iPhoneSimulator.ActiveCfg = Debug|Any CPU
		{17206D67-F159-4E67-9266-E63D4C66AE52}.AppStore|iPhoneSimulator.Build.0 = Debug|Any CPU
		{17206D67-F159-4E67-9266-E63D4C66AE52}.AppStore|x64.ActiveCfg = Debug|Any CPU
		{17206D67-F159-4E67-9266-E63D4C66AE52}.AppStore|x64.Build.0 = Debug|Any CPU
		{17206D67-F159-4E67-9266-E63D4C66AE52}.AppStore|x86.ActiveCfg = Debug|Any CPU
		{17206D67-F159-4E67-9266-E63D4C66AE52}.AppStore|x86.Build.0 = Debug|Any CPU
		{17206D67-F159-4E67-9266-E63D4C66AE52}.Debug|Any CPU.ActiveCfg = Debug|Any CPU
		{17206D67-F159-4E67-9266-E63D4C66AE52}.Debug|Any CPU.Build.0 = Debug|Any CPU
		{17206D67-F159-4E67-9266-E63D4C66AE52}.Debug|ARM.ActiveCfg = Debug|Any CPU
		{17206D67-F159-4E67-9266-E63D4C66AE52}.Debug|ARM.Build.0 = Debug|Any CPU
		{17206D67-F159-4E67-9266-E63D4C66AE52}.Debug|iPhone.ActiveCfg = Debug|Any CPU
		{17206D67-F159-4E67-9266-E63D4C66AE52}.Debug|iPhone.Build.0 = Debug|Any CPU
		{17206D67-F159-4E67-9266-E63D4C66AE52}.Debug|iPhoneSimulator.ActiveCfg = Debug|Any CPU
		{17206D67-F159-4E67-9266-E63D4C66AE52}.Debug|iPhoneSimulator.Build.0 = Debug|Any CPU
		{17206D67-F159-4E67-9266-E63D4C66AE52}.Debug|x64.ActiveCfg = Debug|Any CPU
		{17206D67-F159-4E67-9266-E63D4C66AE52}.Debug|x64.Build.0 = Debug|Any CPU
		{17206D67-F159-4E67-9266-E63D4C66AE52}.Debug|x86.ActiveCfg = Debug|Any CPU
		{17206D67-F159-4E67-9266-E63D4C66AE52}.Debug|x86.Build.0 = Debug|Any CPU
		{17206D67-F159-4E67-9266-E63D4C66AE52}.Release|Any CPU.ActiveCfg = Release|Any CPU
		{17206D67-F159-4E67-9266-E63D4C66AE52}.Release|Any CPU.Build.0 = Release|Any CPU
		{17206D67-F159-4E67-9266-E63D4C66AE52}.Release|ARM.ActiveCfg = Release|Any CPU
		{17206D67-F159-4E67-9266-E63D4C66AE52}.Release|ARM.Build.0 = Release|Any CPU
		{17206D67-F159-4E67-9266-E63D4C66AE52}.Release|iPhone.ActiveCfg = Release|Any CPU
		{17206D67-F159-4E67-9266-E63D4C66AE52}.Release|iPhone.Build.0 = Release|Any CPU
		{17206D67-F159-4E67-9266-E63D4C66AE52}.Release|iPhoneSimulator.ActiveCfg = Release|Any CPU
		{17206D67-F159-4E67-9266-E63D4C66AE52}.Release|iPhoneSimulator.Build.0 = Release|Any CPU
		{17206D67-F159-4E67-9266-E63D4C66AE52}.Release|x64.ActiveCfg = Release|Any CPU
		{17206D67-F159-4E67-9266-E63D4C66AE52}.Release|x64.Build.0 = Release|Any CPU
		{17206D67-F159-4E67-9266-E63D4C66AE52}.Release|x86.ActiveCfg = Release|Any CPU
		{17206D67-F159-4E67-9266-E63D4C66AE52}.Release|x86.Build.0 = Release|Any CPU
		{241834C1-17F0-4104-825F-B779416EF593}.Ad-Hoc|Any CPU.ActiveCfg = Release|Any CPU
		{241834C1-17F0-4104-825F-B779416EF593}.Ad-Hoc|Any CPU.Build.0 = Release|Any CPU
		{241834C1-17F0-4104-825F-B779416EF593}.Ad-Hoc|Any CPU.Deploy.0 = Release|Any CPU
		{241834C1-17F0-4104-825F-B779416EF593}.Ad-Hoc|ARM.ActiveCfg = Release|Any CPU
		{241834C1-17F0-4104-825F-B779416EF593}.Ad-Hoc|ARM.Build.0 = Release|Any CPU
		{241834C1-17F0-4104-825F-B779416EF593}.Ad-Hoc|ARM.Deploy.0 = Release|Any CPU
		{241834C1-17F0-4104-825F-B779416EF593}.Ad-Hoc|iPhone.ActiveCfg = Release|Any CPU
		{241834C1-17F0-4104-825F-B779416EF593}.Ad-Hoc|iPhone.Build.0 = Release|Any CPU
		{241834C1-17F0-4104-825F-B779416EF593}.Ad-Hoc|iPhone.Deploy.0 = Release|Any CPU
		{241834C1-17F0-4104-825F-B779416EF593}.Ad-Hoc|iPhoneSimulator.ActiveCfg = Release|Any CPU
		{241834C1-17F0-4104-825F-B779416EF593}.Ad-Hoc|iPhoneSimulator.Build.0 = Release|Any CPU
		{241834C1-17F0-4104-825F-B779416EF593}.Ad-Hoc|iPhoneSimulator.Deploy.0 = Release|Any CPU
		{241834C1-17F0-4104-825F-B779416EF593}.Ad-Hoc|x64.ActiveCfg = Release|Any CPU
		{241834C1-17F0-4104-825F-B779416EF593}.Ad-Hoc|x64.Build.0 = Release|Any CPU
		{241834C1-17F0-4104-825F-B779416EF593}.Ad-Hoc|x64.Deploy.0 = Release|Any CPU
		{241834C1-17F0-4104-825F-B779416EF593}.Ad-Hoc|x86.ActiveCfg = Release|Any CPU
		{241834C1-17F0-4104-825F-B779416EF593}.Ad-Hoc|x86.Build.0 = Release|Any CPU
		{241834C1-17F0-4104-825F-B779416EF593}.Ad-Hoc|x86.Deploy.0 = Release|Any CPU
		{241834C1-17F0-4104-825F-B779416EF593}.AppStore|Any CPU.ActiveCfg = Release|Any CPU
		{241834C1-17F0-4104-825F-B779416EF593}.AppStore|Any CPU.Build.0 = Release|Any CPU
		{241834C1-17F0-4104-825F-B779416EF593}.AppStore|Any CPU.Deploy.0 = Release|Any CPU
		{241834C1-17F0-4104-825F-B779416EF593}.AppStore|ARM.ActiveCfg = Release|Any CPU
		{241834C1-17F0-4104-825F-B779416EF593}.AppStore|ARM.Build.0 = Release|Any CPU
		{241834C1-17F0-4104-825F-B779416EF593}.AppStore|ARM.Deploy.0 = Release|Any CPU
		{241834C1-17F0-4104-825F-B779416EF593}.AppStore|iPhone.ActiveCfg = Release|Any CPU
		{241834C1-17F0-4104-825F-B779416EF593}.AppStore|iPhone.Build.0 = Release|Any CPU
		{241834C1-17F0-4104-825F-B779416EF593}.AppStore|iPhone.Deploy.0 = Release|Any CPU
		{241834C1-17F0-4104-825F-B779416EF593}.AppStore|iPhoneSimulator.ActiveCfg = Release|Any CPU
		{241834C1-17F0-4104-825F-B779416EF593}.AppStore|iPhoneSimulator.Build.0 = Release|Any CPU
		{241834C1-17F0-4104-825F-B779416EF593}.AppStore|iPhoneSimulator.Deploy.0 = Release|Any CPU
		{241834C1-17F0-4104-825F-B779416EF593}.AppStore|x64.ActiveCfg = Release|Any CPU
		{241834C1-17F0-4104-825F-B779416EF593}.AppStore|x64.Build.0 = Release|Any CPU
		{241834C1-17F0-4104-825F-B779416EF593}.AppStore|x64.Deploy.0 = Release|Any CPU
		{241834C1-17F0-4104-825F-B779416EF593}.AppStore|x86.ActiveCfg = Release|Any CPU
		{241834C1-17F0-4104-825F-B779416EF593}.AppStore|x86.Build.0 = Release|Any CPU
		{241834C1-17F0-4104-825F-B779416EF593}.AppStore|x86.Deploy.0 = Release|Any CPU
		{241834C1-17F0-4104-825F-B779416EF593}.Debug|Any CPU.ActiveCfg = Debug|Any CPU
		{241834C1-17F0-4104-825F-B779416EF593}.Debug|Any CPU.Build.0 = Debug|Any CPU
		{241834C1-17F0-4104-825F-B779416EF593}.Debug|Any CPU.Deploy.0 = Debug|Any CPU
		{241834C1-17F0-4104-825F-B779416EF593}.Debug|ARM.ActiveCfg = Debug|Any CPU
		{241834C1-17F0-4104-825F-B779416EF593}.Debug|ARM.Build.0 = Debug|Any CPU
		{241834C1-17F0-4104-825F-B779416EF593}.Debug|ARM.Deploy.0 = Debug|Any CPU
		{241834C1-17F0-4104-825F-B779416EF593}.Debug|iPhone.ActiveCfg = Debug|Any CPU
		{241834C1-17F0-4104-825F-B779416EF593}.Debug|iPhone.Build.0 = Debug|Any CPU
		{241834C1-17F0-4104-825F-B779416EF593}.Debug|iPhone.Deploy.0 = Debug|Any CPU
		{241834C1-17F0-4104-825F-B779416EF593}.Debug|iPhoneSimulator.ActiveCfg = Debug|Any CPU
		{241834C1-17F0-4104-825F-B779416EF593}.Debug|iPhoneSimulator.Build.0 = Debug|Any CPU
		{241834C1-17F0-4104-825F-B779416EF593}.Debug|iPhoneSimulator.Deploy.0 = Debug|Any CPU
		{241834C1-17F0-4104-825F-B779416EF593}.Debug|x64.ActiveCfg = Debug|Any CPU
		{241834C1-17F0-4104-825F-B779416EF593}.Debug|x64.Build.0 = Debug|Any CPU
		{241834C1-17F0-4104-825F-B779416EF593}.Debug|x64.Deploy.0 = Debug|Any CPU
		{241834C1-17F0-4104-825F-B779416EF593}.Debug|x86.ActiveCfg = Debug|Any CPU
		{241834C1-17F0-4104-825F-B779416EF593}.Debug|x86.Build.0 = Debug|Any CPU
		{241834C1-17F0-4104-825F-B779416EF593}.Debug|x86.Deploy.0 = Debug|Any CPU
		{241834C1-17F0-4104-825F-B779416EF593}.Release|Any CPU.ActiveCfg = Release|Any CPU
		{241834C1-17F0-4104-825F-B779416EF593}.Release|Any CPU.Build.0 = Release|Any CPU
		{241834C1-17F0-4104-825F-B779416EF593}.Release|Any CPU.Deploy.0 = Release|Any CPU
		{241834C1-17F0-4104-825F-B779416EF593}.Release|ARM.ActiveCfg = Release|Any CPU
		{241834C1-17F0-4104-825F-B779416EF593}.Release|ARM.Build.0 = Release|Any CPU
		{241834C1-17F0-4104-825F-B779416EF593}.Release|ARM.Deploy.0 = Release|Any CPU
		{241834C1-17F0-4104-825F-B779416EF593}.Release|iPhone.ActiveCfg = Release|Any CPU
		{241834C1-17F0-4104-825F-B779416EF593}.Release|iPhone.Build.0 = Release|Any CPU
		{241834C1-17F0-4104-825F-B779416EF593}.Release|iPhone.Deploy.0 = Release|Any CPU
		{241834C1-17F0-4104-825F-B779416EF593}.Release|iPhoneSimulator.ActiveCfg = Release|Any CPU
		{241834C1-17F0-4104-825F-B779416EF593}.Release|iPhoneSimulator.Build.0 = Release|Any CPU
		{241834C1-17F0-4104-825F-B779416EF593}.Release|iPhoneSimulator.Deploy.0 = Release|Any CPU
		{241834C1-17F0-4104-825F-B779416EF593}.Release|x64.ActiveCfg = Release|Any CPU
		{241834C1-17F0-4104-825F-B779416EF593}.Release|x64.Build.0 = Release|Any CPU
		{241834C1-17F0-4104-825F-B779416EF593}.Release|x64.Deploy.0 = Release|Any CPU
		{241834C1-17F0-4104-825F-B779416EF593}.Release|x86.ActiveCfg = Release|Any CPU
		{241834C1-17F0-4104-825F-B779416EF593}.Release|x86.Build.0 = Release|Any CPU
		{241834C1-17F0-4104-825F-B779416EF593}.Release|x86.Deploy.0 = Release|Any CPU
		{8FD3590B-819B-40C4-BE74-E8AC5AB2EBEC}.Ad-Hoc|Any CPU.ActiveCfg = Ad-Hoc|iPhone
		{8FD3590B-819B-40C4-BE74-E8AC5AB2EBEC}.Ad-Hoc|ARM.ActiveCfg = Ad-Hoc|iPhone
		{8FD3590B-819B-40C4-BE74-E8AC5AB2EBEC}.Ad-Hoc|iPhone.ActiveCfg = Ad-Hoc|iPhone
		{8FD3590B-819B-40C4-BE74-E8AC5AB2EBEC}.Ad-Hoc|iPhone.Build.0 = Ad-Hoc|iPhone
		{8FD3590B-819B-40C4-BE74-E8AC5AB2EBEC}.Ad-Hoc|iPhoneSimulator.ActiveCfg = Ad-Hoc|iPhoneSimulator
		{8FD3590B-819B-40C4-BE74-E8AC5AB2EBEC}.Ad-Hoc|iPhoneSimulator.Build.0 = Ad-Hoc|iPhoneSimulator
		{8FD3590B-819B-40C4-BE74-E8AC5AB2EBEC}.Ad-Hoc|x64.ActiveCfg = Ad-Hoc|iPhone
		{8FD3590B-819B-40C4-BE74-E8AC5AB2EBEC}.Ad-Hoc|x86.ActiveCfg = Ad-Hoc|iPhone
		{8FD3590B-819B-40C4-BE74-E8AC5AB2EBEC}.AppStore|Any CPU.ActiveCfg = AppStore|iPhone
		{8FD3590B-819B-40C4-BE74-E8AC5AB2EBEC}.AppStore|ARM.ActiveCfg = AppStore|iPhone
		{8FD3590B-819B-40C4-BE74-E8AC5AB2EBEC}.AppStore|iPhone.ActiveCfg = AppStore|iPhone
		{8FD3590B-819B-40C4-BE74-E8AC5AB2EBEC}.AppStore|iPhone.Build.0 = AppStore|iPhone
		{8FD3590B-819B-40C4-BE74-E8AC5AB2EBEC}.AppStore|iPhoneSimulator.ActiveCfg = AppStore|iPhoneSimulator
		{8FD3590B-819B-40C4-BE74-E8AC5AB2EBEC}.AppStore|iPhoneSimulator.Build.0 = AppStore|iPhoneSimulator
		{8FD3590B-819B-40C4-BE74-E8AC5AB2EBEC}.AppStore|x64.ActiveCfg = AppStore|iPhone
		{8FD3590B-819B-40C4-BE74-E8AC5AB2EBEC}.AppStore|x86.ActiveCfg = AppStore|iPhone
		{8FD3590B-819B-40C4-BE74-E8AC5AB2EBEC}.Debug|Any CPU.ActiveCfg = Debug|iPhone
		{8FD3590B-819B-40C4-BE74-E8AC5AB2EBEC}.Debug|ARM.ActiveCfg = Debug|iPhone
		{8FD3590B-819B-40C4-BE74-E8AC5AB2EBEC}.Debug|iPhone.ActiveCfg = Debug|iPhone
		{8FD3590B-819B-40C4-BE74-E8AC5AB2EBEC}.Debug|iPhone.Build.0 = Debug|iPhone
		{8FD3590B-819B-40C4-BE74-E8AC5AB2EBEC}.Debug|iPhoneSimulator.ActiveCfg = Debug|iPhoneSimulator
		{8FD3590B-819B-40C4-BE74-E8AC5AB2EBEC}.Debug|iPhoneSimulator.Build.0 = Debug|iPhoneSimulator
		{8FD3590B-819B-40C4-BE74-E8AC5AB2EBEC}.Debug|x64.ActiveCfg = Debug|iPhone
		{8FD3590B-819B-40C4-BE74-E8AC5AB2EBEC}.Debug|x86.ActiveCfg = Debug|iPhone
		{8FD3590B-819B-40C4-BE74-E8AC5AB2EBEC}.Release|Any CPU.ActiveCfg = Release|iPhone
		{8FD3590B-819B-40C4-BE74-E8AC5AB2EBEC}.Release|ARM.ActiveCfg = Release|iPhone
		{8FD3590B-819B-40C4-BE74-E8AC5AB2EBEC}.Release|iPhone.ActiveCfg = Release|iPhone
		{8FD3590B-819B-40C4-BE74-E8AC5AB2EBEC}.Release|iPhone.Build.0 = Release|iPhone
		{8FD3590B-819B-40C4-BE74-E8AC5AB2EBEC}.Release|iPhoneSimulator.ActiveCfg = Release|iPhoneSimulator
		{8FD3590B-819B-40C4-BE74-E8AC5AB2EBEC}.Release|iPhoneSimulator.Build.0 = Release|iPhoneSimulator
		{8FD3590B-819B-40C4-BE74-E8AC5AB2EBEC}.Release|x64.ActiveCfg = Release|iPhone
		{8FD3590B-819B-40C4-BE74-E8AC5AB2EBEC}.Release|x86.ActiveCfg = Release|iPhone
		{E18A9B15-D012-4D90-99D9-383113266556}.Ad-Hoc|Any CPU.ActiveCfg = Release|x86
		{E18A9B15-D012-4D90-99D9-383113266556}.Ad-Hoc|Any CPU.Build.0 = Release|x86
		{E18A9B15-D012-4D90-99D9-383113266556}.Ad-Hoc|Any CPU.Deploy.0 = Release|x86
		{E18A9B15-D012-4D90-99D9-383113266556}.Ad-Hoc|ARM.ActiveCfg = Release|ARM
		{E18A9B15-D012-4D90-99D9-383113266556}.Ad-Hoc|ARM.Build.0 = Release|ARM
		{E18A9B15-D012-4D90-99D9-383113266556}.Ad-Hoc|ARM.Deploy.0 = Release|ARM
		{E18A9B15-D012-4D90-99D9-383113266556}.Ad-Hoc|iPhone.ActiveCfg = Release|x86
		{E18A9B15-D012-4D90-99D9-383113266556}.Ad-Hoc|iPhone.Build.0 = Release|x86
		{E18A9B15-D012-4D90-99D9-383113266556}.Ad-Hoc|iPhone.Deploy.0 = Release|x86
		{E18A9B15-D012-4D90-99D9-383113266556}.Ad-Hoc|iPhoneSimulator.ActiveCfg = Release|x86
		{E18A9B15-D012-4D90-99D9-383113266556}.Ad-Hoc|iPhoneSimulator.Build.0 = Release|x86
		{E18A9B15-D012-4D90-99D9-383113266556}.Ad-Hoc|iPhoneSimulator.Deploy.0 = Release|x86
		{E18A9B15-D012-4D90-99D9-383113266556}.Ad-Hoc|x64.ActiveCfg = Release|x64
		{E18A9B15-D012-4D90-99D9-383113266556}.Ad-Hoc|x64.Build.0 = Release|x64
		{E18A9B15-D012-4D90-99D9-383113266556}.Ad-Hoc|x64.Deploy.0 = Release|x64
		{E18A9B15-D012-4D90-99D9-383113266556}.Ad-Hoc|x86.ActiveCfg = Release|x86
		{E18A9B15-D012-4D90-99D9-383113266556}.Ad-Hoc|x86.Build.0 = Release|x86
		{E18A9B15-D012-4D90-99D9-383113266556}.Ad-Hoc|x86.Deploy.0 = Release|x86
		{E18A9B15-D012-4D90-99D9-383113266556}.AppStore|Any CPU.ActiveCfg = Release|x86
		{E18A9B15-D012-4D90-99D9-383113266556}.AppStore|Any CPU.Build.0 = Release|x86
		{E18A9B15-D012-4D90-99D9-383113266556}.AppStore|Any CPU.Deploy.0 = Release|x86
		{E18A9B15-D012-4D90-99D9-383113266556}.AppStore|ARM.ActiveCfg = Release|ARM
		{E18A9B15-D012-4D90-99D9-383113266556}.AppStore|ARM.Build.0 = Release|ARM
		{E18A9B15-D012-4D90-99D9-383113266556}.AppStore|ARM.Deploy.0 = Release|ARM
		{E18A9B15-D012-4D90-99D9-383113266556}.AppStore|iPhone.ActiveCfg = Release|x86
		{E18A9B15-D012-4D90-99D9-383113266556}.AppStore|iPhone.Build.0 = Release|x86
		{E18A9B15-D012-4D90-99D9-383113266556}.AppStore|iPhone.Deploy.0 = Release|x86
		{E18A9B15-D012-4D90-99D9-383113266556}.AppStore|iPhoneSimulator.ActiveCfg = Release|x86
		{E18A9B15-D012-4D90-99D9-383113266556}.AppStore|iPhoneSimulator.Build.0 = Release|x86
		{E18A9B15-D012-4D90-99D9-383113266556}.AppStore|iPhoneSimulator.Deploy.0 = Release|x86
		{E18A9B15-D012-4D90-99D9-383113266556}.AppStore|x64.ActiveCfg = Release|x64
		{E18A9B15-D012-4D90-99D9-383113266556}.AppStore|x64.Build.0 = Release|x64
		{E18A9B15-D012-4D90-99D9-383113266556}.AppStore|x64.Deploy.0 = Release|x64
		{E18A9B15-D012-4D90-99D9-383113266556}.AppStore|x86.ActiveCfg = Release|x86
		{E18A9B15-D012-4D90-99D9-383113266556}.AppStore|x86.Build.0 = Release|x86
		{E18A9B15-D012-4D90-99D9-383113266556}.AppStore|x86.Deploy.0 = Release|x86
		{E18A9B15-D012-4D90-99D9-383113266556}.Debug|Any CPU.ActiveCfg = Debug|x86
		{E18A9B15-D012-4D90-99D9-383113266556}.Debug|ARM.ActiveCfg = Debug|ARM
		{E18A9B15-D012-4D90-99D9-383113266556}.Debug|ARM.Build.0 = Debug|ARM
		{E18A9B15-D012-4D90-99D9-383113266556}.Debug|ARM.Deploy.0 = Debug|ARM
		{E18A9B15-D012-4D90-99D9-383113266556}.Debug|iPhone.ActiveCfg = Debug|x86
		{E18A9B15-D012-4D90-99D9-383113266556}.Debug|iPhoneSimulator.ActiveCfg = Debug|x86
		{E18A9B15-D012-4D90-99D9-383113266556}.Debug|x64.ActiveCfg = Debug|x64
		{E18A9B15-D012-4D90-99D9-383113266556}.Debug|x64.Build.0 = Debug|x64
		{E18A9B15-D012-4D90-99D9-383113266556}.Debug|x64.Deploy.0 = Debug|x64
		{E18A9B15-D012-4D90-99D9-383113266556}.Debug|x86.ActiveCfg = Debug|x86
		{E18A9B15-D012-4D90-99D9-383113266556}.Debug|x86.Build.0 = Debug|x86
		{E18A9B15-D012-4D90-99D9-383113266556}.Debug|x86.Deploy.0 = Debug|x86
		{E18A9B15-D012-4D90-99D9-383113266556}.Release|Any CPU.ActiveCfg = Release|x86
		{E18A9B15-D012-4D90-99D9-383113266556}.Release|ARM.ActiveCfg = Release|ARM
		{E18A9B15-D012-4D90-99D9-383113266556}.Release|ARM.Build.0 = Release|ARM
		{E18A9B15-D012-4D90-99D9-383113266556}.Release|ARM.Deploy.0 = Release|ARM
		{E18A9B15-D012-4D90-99D9-383113266556}.Release|iPhone.ActiveCfg = Release|x86
		{E18A9B15-D012-4D90-99D9-383113266556}.Release|iPhoneSimulator.ActiveCfg = Release|x86
		{E18A9B15-D012-4D90-99D9-383113266556}.Release|x64.ActiveCfg = Release|x64
		{E18A9B15-D012-4D90-99D9-383113266556}.Release|x64.Build.0 = Release|x64
		{E18A9B15-D012-4D90-99D9-383113266556}.Release|x64.Deploy.0 = Release|x64
		{E18A9B15-D012-4D90-99D9-383113266556}.Release|x86.ActiveCfg = Release|x86
		{E18A9B15-D012-4D90-99D9-383113266556}.Release|x86.Build.0 = Release|x86
		{E18A9B15-D012-4D90-99D9-383113266556}.Release|x86.Deploy.0 = Release|x86
	EndGlobalSection
	GlobalSection(SolutionProperties) = preSolution
		HideSolutionNode = FALSE
	EndGlobalSection
	GlobalSection(ExtensibilityGlobals) = postSolution
		SolutionGuid = {7D9CDB3E-06F8-40B4-84E5-2797A298EF33}
	EndGlobalSection
EndGlobal
